
Microsoft Visual Studio Solution File, Format Version 12.00
# Visual Studio Version 17
VisualStudioVersion = 17.0.31903.59
MinimumVisualStudioVersion = 10.0.40219.1
Project("{FAE04EC0-301F-11D3-BF4B-00C04F79EFBC}") = "JogosDomain", "JogosDomain\JogosDomain.csproj", "{7810B490-CC0D-4530-B5F6-B9ECEB09B458}"
EndProject
Project("{FAE04EC0-301F-11D3-BF4B-00C04F79EFBC}") = "JogosApplication", "JogosApplication\JogosApplication.csproj", "{A44DE67D-BA02-4996-AD73-B6234A95D65B}"
EndProject
Project("{FAE04EC0-301F-11D3-BF4B-00C04F79EFBC}") = "JogosRepository", "JogosRepository\JogosRepository.csproj", "{02CFDE67-F5C1-4822-BEC8-44A5EA6583DC}"
EndProject
Project("{FAE04EC0-301F-11D3-BF4B-00C04F79EFBC}") = "JogosAPI", "JogosAPI\JogosAPI.csproj", "{639D6108-E543-49D3-89C2-A21EDF10897D}"
EndProject
Global
	GlobalSection(SolutionConfigurationPlatforms) = preSolution
		Debug|Any CPU = Debug|Any CPU
		Release|Any CPU = Release|Any CPU
	EndGlobalSection
	GlobalSection(ProjectConfigurationPlatforms) = postSolution
		{7810B490-CC0D-4530-B5F6-B9ECEB09B458}.Debug|Any CPU.ActiveCfg = Debug|Any CPU
		{7810B490-CC0D-4530-B5F6-B9ECEB09B458}.Debug|Any CPU.Build.0 = Debug|Any CPU
		{7810B490-CC0D-4530-B5F6-B9ECEB09B458}.Release|Any CPU.ActiveCfg = Release|Any CPU
		{7810B490-CC0D-4530-B5F6-B9ECEB09B458}.Release|Any CPU.Build.0 = Release|Any CPU
		{A44DE67D-BA02-4996-AD73-B6234A95D65B}.Debug|Any CPU.ActiveCfg = Debug|Any CPU
		{A44DE67D-BA02-4996-AD73-B6234A95D65B}.Debug|Any CPU.Build.0 = Debug|Any CPU
		{A44DE67D-BA02-4996-AD73-B6234A95D65B}.Release|Any CPU.ActiveCfg = Release|Any CPU
		{A44DE67D-BA02-4996-AD73-B6234A95D65B}.Release|Any CPU.Build.0 = Release|Any CPU
		{02CFDE67-F5C1-4822-BEC8-44A5EA6583DC}.Debug|Any CPU.ActiveCfg = Debug|Any CPU
		{02CFDE67-F5C1-4822-BEC8-44A5EA6583DC}.Debug|Any CPU.Build.0 = Debug|Any CPU
		{02CFDE67-F5C1-4822-BEC8-44A5EA6583DC}.Release|Any CPU.ActiveCfg = Release|Any CPU
		{02CFDE67-F5C1-4822-BEC8-44A5EA6583DC}.Release|Any CPU.Build.0 = Release|Any CPU
		{639D6108-E543-49D3-89C2-A21EDF10897D}.Debug|Any CPU.ActiveCfg = Debug|Any CPU
		{639D6108-E543-49D3-89C2-A21EDF10897D}.Debug|Any CPU.Build.0 = Debug|Any CPU
		{639D6108-E543-49D3-89C2-A21EDF10897D}.Release|Any CPU.ActiveCfg = Release|Any CPU
		{639D6108-E543-49D3-89C2-A21EDF10897D}.Release|Any CPU.Build.0 = Release|Any CPU
	EndGlobalSection
	GlobalSection(SolutionProperties) = preSolution
		HideSolutionNode = FALSE
	EndGlobalSection
	GlobalSection(ExtensibilityGlobals) = postSolution
		SolutionGuid = {6A4C94E2-47A2-4734-83C0-D3BB8BC68137}
	EndGlobalSection
EndGlobal
